// !$*UTF8*$!
{
	archiveVersion = 1;
	classes = {
	};
	objectVersion = 50;
	objects = {

/* Begin PBXBuildFile section */
		2BB6D2E5208B74D40059D178 /* AppDelegate.swift in Sources */ = {isa = PBXBuildFile; fileRef = 2BB6D2E4208B74D40059D178 /* AppDelegate.swift */; };
		2BB6D2E7208B74D40059D178 /* ViewController.swift in Sources */ = {isa = PBXBuildFile; fileRef = 2BB6D2E6208B74D40059D178 /* ViewController.swift */; };
		2BB6D2EA208B74D40059D178 /* Main.storyboard in Resources */ = {isa = PBXBuildFile; fileRef = 2BB6D2E8208B74D40059D178 /* Main.storyboard */; };
		2BB6D2EC208B74D60059D178 /* Assets.xcassets in Resources */ = {isa = PBXBuildFile; fileRef = 2BB6D2EB208B74D60059D178 /* Assets.xcassets */; };
		2BB6D2EF208B74D60059D178 /* LaunchScreen.storyboard in Resources */ = {isa = PBXBuildFile; fileRef = 2BB6D2ED208B74D60059D178 /* LaunchScreen.storyboard */; };
/* End PBXBuildFile section */

/* Begin PBXFileReference section */
		2BB6D2E1208B74D40059D178 /* CoverCollection.app */ = {isa = PBXFileReference; explicitFileType = wrapper.application; includeInIndex = 0; path = CoverCollection.app; sourceTree = BUILT_PRODUCTS_DIR; };
		2BB6D2E4208B74D40059D178 /* AppDelegate.swift */ = {isa = PBXFileReference; lastKnownFileType = sourcecode.swift; path = AppDelegate.swift; sourceTree = "<group>"; };
		2BB6D2E6208B74D40059D178 /* ViewController.swift */ = {isa = PBXFileReference; lastKnownFileType = sourcecode.swift; path = ViewController.swift; sourceTree = "<group>"; };
		2BB6D2E9208B74D40059D178 /* Base */ = {isa = PBXFileReference; lastKnownFileType = file.storyboard; name = Base; path = Base.lproj/Main.storyboard; sourceTree = "<group>"; };
		2BB6D2EB208B74D60059D178 /* Assets.xcassets */ = {isa = PBXFileReference; lastKnownFileType = folder.assetcatalog; path = Assets.xcassets; sourceTree = "<group>"; };
		2BB6D2EE208B74D60059D178 /* Base */ = {isa = PBXFileReference; lastKnownFileType = file.storyboard; name = Base; path = Base.lproj/LaunchScreen.storyboard; sourceTree = "<group>"; };
		2BB6D2F0208B74D60059D178 /* Info.plist */ = {isa = PBXFileReference; lastKnownFileType = text.plist.xml; path = Info.plist; sourceTree = "<group>"; };
/* End PBXFileReference section */

/* Begin PBXFrameworksBuildPhase section */
		2BB6D2DE208B74D40059D178 /* Frameworks */ = {
			isa = PBXFrameworksBuildPhase;
			buildActionMask = 2147483647;
			files = (
			);
			runOnlyForDeploymentPostprocessing = 0;
		};
/* End PBXFrameworksBuildPhase section */

/* Begin PBXGroup section */
		2BB6D2D8208B74D40059D178 = {
			isa = PBXGroup;
			children = (
				2BB6D2E3208B74D40059D178 /* CoverCollection */,
				2BB6D2E2208B74D40059D178 /* Products */,
			);
			sourceTree = "<group>";
		};
		2BB6D2E2208B74D40059D178 /* Products */ = {
			isa = PBXGroup;
			children = (
				2BB6D2E1208B74D40059D178 /* CoverCollection.app */,
			);
			name = Products;
			sourceTree = "<group>";
		};
		2BB6D2E3208B74D40059D178 /* CoverCollection */ = {
			isa = PBXGroup;
			children = (
				2BB6D2E4208B74D40059D178 /* AppDelegate.swift */,
				2BB6D2E6208B74D40059D178 /* ViewController.swift */,
				2BB6D2E8208B74D40059D178 /* Main.storyboard */,
				2BB6D2EB208B74D60059D178 /* Assets.xcassets */,
				2BB6D2ED208B74D60059D178 /* LaunchScreen.storyboard */,
				2BB6D2F0208B74D60059D178 /* Info.plist */,
			);
			path = CoverCollection;
			sourceTree = "<group>";
		};
/* End PBXGroup section */

/* Begin PBXNativeTarget section */
		2BB6D2E0208B74D40059D178 /* CoverCollection */ = {
			isa = PBXNativeTarget;
			buildConfigurationList = 2BB6D2F3208B74D60059D178 /* Build configuration list for PBXNativeTarget "CoverCollection" */;
			buildPhases = (
				2BB6D2DD208B74D40059D178 /* Sources */,
				2BB6D2DE208B74D40059D178 /* Frameworks */,
				2BB6D2DF208B74D40059D178 /* Resources */,
			);
			buildRules = (
			);
			dependencies = (
			);
			name = CoverCollection;
			productName = CoverCollection;
			productReference = 2BB6D2E1208B74D40059D178 /* CoverCollection.app */;
			productType = "com.apple.product-type.application";
		};
/* End PBXNativeTarget section */

/* Begin PBXProject section */
		2BB6D2D9208B74D40059D178 /* Project object */ = {
			isa = PBXProject;
			attributes = {
				LastSwiftUpdateCheck = 0930;
				LastUpgradeCheck = 0930;
				ORGANIZATIONNAME = "Tomasz Bogusz";
				TargetAttributes = {
					2BB6D2E0208B74D40059D178 = {
						CreatedOnToolsVersion = 9.3;
					};
				};
			};
			buildConfigurationList = 2BB6D2DC208B74D40059D178 /* Build configuration list for PBXProject "CoverCollection" */;
			compatibilityVersion = "Xcode 9.3";
			developmentRegion = en;
			hasScannedForEncodings = 0;
			knownRegions = (
				en,
				Base,
			);
			mainGroup = 2BB6D2D8208B74D40059D178;
			productRefGroup = 2BB6D2E2208B74D40059D178 /* Products */;
			projectDirPath = "";
			projectRoot = "";
			targets = (
				2BB6D2E0208B74D40059D178 /* CoverCollection */,
			);
		};
/* End PBXProject section */

/* Begin PBXResourcesBuildPhase section */
		2BB6D2DF208B74D40059D178 /* Resources */ = {
			isa = PBXResourcesBuildPhase;
			buildActionMask = 2147483647;
			files = (
				2BB6D2EF208B74D60059D178 /* LaunchScreen.storyboard in Resources */,
				2BB6D2EC208B74D60059D178 /* Assets.xcassets in Resources */,
				2BB6D2EA208B74D40059D178 /* Main.storyboard in Resources */,
			);
			runOnlyForDeploymentPostprocessing = 0;
		};
/* End PBXResourcesBuildPhase section */

/* Begin PBXSourcesBuildPhase section */
		2BB6D2DD208B74D40059D178 /* Sources */ = {
			isa = PBXSourcesBuildPhase;
			buildActionMask = 2147483647;
			files = (
				2BB6D2E7208B74D40059D178 /* ViewController.swift in Sources */,
				2BB6D2E5208B74D40059D178 /* AppDelegate.swift in Sources */,
			);
			runOnlyForDeploymentPostprocessing = 0;
		};
/* End PBXSourcesBuildPhase section */

/* Begin PBXVariantGroup section */
		2BB6D2E8208B74D40059D178 /* Main.storyboard */ = {
			isa = PBXVariantGroup;
			children = (
				2BB6D2E9208B74D40059D178 /* Base */,
			);
			name = Main.storyboard;
			sourceTree = "<group>";
		};
		2BB6D2ED208B74D60059D178 /* LaunchScreen.storyboard */ = {
			isa = PBXVariantGroup;
			children = (
				2BB6D2EE208B74D60059D178 /* Base */,
			);
			name = LaunchScreen.storyboard;
			sourceTree = "<group>";
		};
/* End PBXVariantGroup section */

/* Begin XCBuildConfiguration section */
		2BB6D2F1208B74D60059D178 /* Debug */ = {
			isa = XCBuildConfiguration;
			buildSettings = {
				ALWAYS_SEARCH_USER_PATHS = NO;
				CLANG_ANALYZER_NONNULL = YES;
				CLANG_ANALYZER_NUMBER_OBJECT_CONVERSION = YES_AGGRESSIVE;
				CLANG_CXX_LANGUAGE_STANDARD = "gnu++14";
				CLANG_CXX_LIBRARY = "libc++";
				CLANG_ENABLE_MODULES = YES;
				CLANG_ENABLE_OBJC_ARC = YES;
				CLANG_ENABLE_OBJC_WEAK = YES;
				CLANG_WARN_BLOCK_CAPTURE_AUTORELEASING = YES;
				CLANG_WARN_BOOL_CONVERSION = YES;
				CLANG_WARN_COMMA = YES;
				CLANG_WARN_CONSTANT_CONVERSION = YES;
				CLANG_WARN_DEPRECATED_OBJC_IMPLEMENTATIONS = YES;
				CLANG_WARN_DIRECT_OBJC_ISA_USAGE = YES_ERROR;
				CLANG_WARN_DOCUMENTATION_COMMENTS = YES;
				CLANG_WARN_EMPTY_BODY = YES;
				CLANG_WARN_ENUM_CONVERSION = YES;
				CLANG_WARN_INFINITE_RECURSION = YES;
				CLANG_WARN_INT_CONVERSION = YES;
				CLANG_WARN_NON_LITERAL_NULL_CONVERSION = YES;
				CLANG_WARN_OBJC_IMPLICIT_RETAIN_SELF = YES;
				CLANG_WARN_OBJC_LITERAL_CONVERSION = YES;
				CLANG_WARN_OBJC_ROOT_CLASS = YES_ERROR;
				CLANG_WARN_RANGE_LOOP_ANALYSIS = YES;
				CLANG_WARN_STRICT_PROTOTYPES = YES;
				CLANG_WARN_SUSPICIOUS_MOVE = YES;
				CLANG_WARN_UNGUARDED_AVAILABILITY = YES_AGGRESSIVE;
				CLANG_WARN_UNREACHABLE_CODE = YES;
				CLANG_WARN__DUPLICATE_METHOD_MATCH = YES;
				CODE_SIGN_IDENTITY = "iPhone Developer";
				COPY_PHASE_STRIP = NO;
				DEBUG_INFORMATION_FORMAT = dwarf;
				ENABLE_STRICT_OBJC_MSGSEND = YES;
				ENABLE_TESTABILITY = YES;
				GCC_C_LANGUAGE_STANDARD = gnu11;
				GCC_DYNAMIC_NO_PIC = NO;
				GCC_NO_COMMON_BLOCKS = YES;
				GCC_OPTIMIZATION_LEVEL = 0;
				GCC_PREPROCESSOR_DEFINITIONS = (
					"DEBUG=1",
					"$(inherited)",
				);
				GCC_WARN_64_TO_32_BIT_CONVERSION = YES;
				GCC_WARN_ABOUT_RETURN_TYPE = YES_ERROR;
				GCC_WARN_UNDECLARED_SELECTOR = YES;
				GCC_WARN_UNINITIALIZED_AUTOS = YES_AGGRESSIVE;
				GCC_WARN_UNUSED_FUNCTION = YES;
				GCC_WARN_UNUSED_VARIABLE = YES;
				IPHONEOS_DEPLOYMENT_TARGET = 11.3;
				MTL_ENABLE_DEBUG_INFO = YES;
				ONLY_ACTIVE_ARCH = YES;
				SDKROOT = iphoneos;
				SWIFT_ACTIVE_COMPILATION_CONDITIONS = DEBUG;
				SWIFT_OPTIMIZATION_LEVEL = "-Onone";
			};
			name = Debug;
		};
		2BB6D2F2208B74D60059D178 /* Release */ = {
			isa = XCBuildConfiguration;
			buildSettings = {
				ALWAYS_SEARCH_USER_PATHS = NO;
				CLANG_ANALYZER_NONNULL = YES;
				CLANG_ANALYZER_NUMBER_OBJECT_CONVERSION = YES_AGGRESSIVE;
				CLANG_CXX_LANGUAGE_STANDARD = "gnu++14";
				CLANG_CXX_LIBRARY = "libc++";
				CLANG_ENABLE_MODULES = YES;
				CLANG_ENABLE_OBJC_ARC = YES;
				CLANG_ENABLE_OBJC_WEAK = YES;
				CLANG_WARN_BLOCK_CAPTURE_AUTORELEASING = YES;
				CLANG_WARN_BOOL_CONVERSION = YES;
				CLANG_WARN_COMMA = YES;
				CLANG_WARN_CONSTANT_CONVERSION = YES;
				CLANG_WARN_DEPRECATED_OBJC_IMPLEMENTATIONS = YES;
				CLANG_WARN_DIRECT_OBJC_ISA_USAGE = YES_ERROR;
				CLANG_WARN_DOCUMENTATION_COMMENTS = YES;
				CLANG_WARN_EMPTY_BODY = YES;
				CLANG_WARN_ENUM_CONVERSION = YES;
				CLANG_WARN_INFINITE_RECURSION = YES;
				CLANG_WARN_INT_CONVERSION = YES;
				CLANG_WARN_NON_LITERAL_NULL_CONVERSION = YES;
				CLANG_WARN_OBJC_IMPLICIT_RETAIN_SELF = YES;
				CLANG_WARN_OBJC_LITERAL_CONVERSION = YES;
				CLANG_WARN_OBJC_ROOT_CLASS = YES_ERROR;
				CLANG_WARN_RANGE_LOOP_ANALYSIS = YES;
				CLANG_WARN_STRICT_PROTOTYPES = YES;
				CLANG_WARN_SUSPICIOUS_MOVE = YES;
				CLANG_WARN_UNGUARDED_AVAILABILITY = YES_AGGRESSIVE;
				CLANG_WARN_UNREACHABLE_CODE = YES;
				CLANG_WARN__DUPLICATE_METHOD_MATCH = YES;
				CODE_SIGN_IDENTITY = "iPhone Developer";
				COPY_PHASE_STRIP = NO;
				DEBUG_INFORMATION_FORMAT = "dwarf-with-dsym";
				ENABLE_NS_ASSERTIONS = NO;
				ENABLE_STRICT_OBJC_MSGSEND = YES;
				GCC_C_LANGUAGE_STANDARD = gnu11;
				GCC_NO_COMMON_BLOCKS = YES;
				GCC_WARN_64_TO_32_BIT_CONVERSION = YES;
				GCC_WARN_ABOUT_RETURN_TYPE = YES_ERROR;
				GCC_WARN_UNDECLARED_SELECTOR = YES;
				GCC_WARN_UNINITIALIZED_AUTOS = YES_AGGRESSIVE;
				GCC_WARN_UNUSED_FUNCTION = YES;
				GCC_WARN_UNUSED_VARIABLE = YES;
				IPHONEOS_DEPLOYMENT_TARGET = 11.3;
				MTL_ENABLE_DEBUG_INFO = NO;
				SDKROOT = iphoneos;
				SWIFT_COMPILATION_MODE = wholemodule;
				SWIFT_OPTIMIZATION_LEVEL = "-O";
				VALIDATE_PRODUCT = YES;
			};
			name = Release;
		};
		2BB6D2F4208B74D60059D178 /* Debug */ = {
			isa = XCBuildConfiguration;
			buildSettings = {
				ASSETCATALOG_COMPILER_APPICON_NAME = AppIcon;
				CODE_SIGN_STYLE = Automatic;
				DEVELOPMENT_TEAM = V827942LT5;
				INFOPLIST_FILE = CoverCollection/Info.plist;
				LD_RUNPATH_SEARCH_PATHS = (
					"$(inherited)",
					"@executable_path/Frameworks",
				);
				PRODUCT_BUNDLE_IDENTIFIER = com.bogusz.tomasz.CoverCollection;
				PRODUCT_NAME = "$(TARGET_NAME)";
				SWIFT_VERSION = 4.0;
				TARGETED_DEVICE_FAMILY = "1,2";
			};
			name = Debug;
		};
		2BB6D2F5208B74D60059D178 /* Release */ = {
			isa = XCBuildConfiguration;
			buildSettings = {
				ASSETCATALOG_COMPILER_APPICON_NAME = AppIcon;
				CODE_SIGN_STYLE = Automatic;
				DEVELOPMENT_TEAM = V827942LT5;
				INFOPLIST_FILE = CoverCollection/Info.plist;
				LD_RUNPATH_SEARCH_PATHS = (
					"$(inherited)",
					"@executable_path/Frameworks",
				);
				PRODUCT_BUNDLE_IDENTIFIER = com.bogusz.tomasz.CoverCollection;
				PRODUCT_NAME = "$(TARGET_NAME)";
				SWIFT_VERSION = 4.0;
				TARGETED_DEVICE_FAMILY = "1,2";
			};
			name = Release;
		};
/* End XCBuildConfiguration section */

/* Begin XCConfigurationList section */
		2BB6D2DC208B74D40059D178 /* Build configuration list for PBXProject "CoverCollection" */ = {
			isa = XCConfigurationList;
			buildConfigurations = (
				2BB6D2F1208B74D60059D178 /* Debug */,
				2BB6D2F2208B74D60059D178 /* Release */,
			);
			defaultConfigurationIsVisible = 0;
			defaultConfigurationName = Release;
		};
		2BB6D2F3208B74D60059D178 /* Build configuration list for PBXNativeTarget "CoverCollection" */ = {
			isa = XCConfigurationList;
			buildConfigurations = (
				2BB6D2F4208B74D60059D178 /* Debug */,
				2BB6D2F5208B74D60059D178 /* Release */,
			);
			defaultConfigurationIsVisible = 0;
			defaultConfigurationName = Release;
		};
/* End XCConfigurationList section */
	};
	rootObject = 2BB6D2D9208B74D40059D178 /* Project object */;
}
